
Microsoft Visual Studio Solution File, Format Version 12.00
# Visual Studio Version 17
VisualStudioVersion = 17.14.36109.1 d17.14
MinimumVisualStudioVersion = 10.0.40219.1
Project("{FAE04EC0-301F-11D3-BF4B-00C04F79EFBC}") = "MachineLearningCSharp.XorOnnx", "Demos\MachineLearningCSharp.XorOnnx\MachineLearningCSharp.XorOnnx.csproj", "{59891D51-4F5B-DCBA-9889-911871A7D542}"
EndProject
Global
	GlobalSection(SolutionConfigurationPlatforms) = preSolution
		Debug|Any CPU = Debug|Any CPU
		Release|Any CPU = Release|Any CPU
	EndGlobalSection
	GlobalSection(ProjectConfigurationPlatforms) = postSolution
		{59891D51-4F5B-DCBA-9889-911871A7D542}.Debug|Any CPU.ActiveCfg = Debug|Any CPU
		{59891D51-4F5B-DCBA-9889-911871A7D542}.Debug|Any CPU.Build.0 = Debug|Any CPU
		{59891D51-4F5B-DCBA-9889-911871A7D542}.Release|Any CPU.ActiveCfg = Release|Any CPU
		{59891D51-4F5B-DCBA-9889-911871A7D542}.Release|Any CPU.Build.0 = Release|Any CPU
	EndGlobalSection
	GlobalSection(SolutionProperties) = preSolution
		HideSolutionNode = FALSE
	EndGlobalSection
	GlobalSection(ExtensibilityGlobals) = postSolution
		SolutionGuid = {91C6A3B5-90B2-4751-BDC6-699B75CA1535}
	EndGlobalSection
EndGlobal
